{
  "name": "@jiki/i18n",
  "version": "0.0.0",
  "lockfileVersion": 3,
  "requires": true,
  "packages": {
    "": {
      "name": "@jiki/i18n",
      "version": "0.0.0",
      "dependencies": {
        "@jiki.io/content-renderer": "0.2.0"
      },
      "engines": {
        "node": ">=20"
      }
    },
    "node_modules/@exercism/highlightjs-jikiscript": {
      "version": "0.0.2",
      "resolved": "https://registry.npmjs.org/@exercism/highlightjs-jikiscript/-/highlightjs-jikiscript-0.0.2.tgz",
      "integrity": "sha512-p/xoAeD60IGPz/Wv0sY3I9yLebLWdkPrvb+VzL43bdTSjKOZsX9xkYboD7MUpqgyqQOb/yMnilbBLLkRZtiM/Q==",
      "peerDependencies": {
        "typescript": "^5.4.5"
      }
    },
    "node_modules/@jiki.io/content-renderer": {
      "version": "0.2.0",
      "resolved": "https://registry.npmjs.org/@jiki.io/content-renderer/-/content-renderer-0.2.0.tgz",
      "integrity": "sha512-vAMC1pSUiql01n8faqVcMkoX3Mqoqi+GPJigxI2bd31QgdnZdHCmlCVPUpeOqaw9Qu+lhSs1WID9IDfi/Ep4/g==",
      "license": "MIT",
      "dependencies": {
        "@exercism/highlightjs-jikiscript": "0.0.2",
        "@jiki/highlightjs-javascript": "git+https://github.com/jiki-education/highlightjs-javascript.git#180157677b2637335e7677e81d6d0aeb0210546d",
        "highlight.js": "11.11.1",
        "marked": "17.0.6",
        "marked-footnote": "1.4.0"
      }
    },
    "node_modules/@jiki/highlightjs-javascript": {
      "version": "0.0.1",
      "resolved": "git+ssh://git@github.com/jiki-education/highlightjs-javascript.git#180157677b2637335e7677e81d6d0aeb0210546d",
      "integrity": "sha512-pNxwzGLpb6s016jCgSPegzEfNyVLP+GnCoyjZCi/JEXRxqDaq5P4AI/JAAJlKowN4ZSyDz9+DBq9Bx2Ea2F5xw==",
      "peerDependencies": {
        "typescript": "^5.4.5"
      }
    },
    "node_modules/highlight.js": {
      "version": "11.11.1",
      "resolved": "https://registry.npmjs.org/highlight.js/-/highlight.js-11.11.1.tgz",
      "integrity": "sha512-Xwwo44whKBVCYoliBQwaPvtd/2tYFkRQtXDWj1nackaV2JPXx3L0+Jvd8/qCJ2p+ML0/XVkJ2q+Mr+UVdpJK5w==",
      "license": "BSD-3-Clause",
      "engines": {
        "node": ">=12.0.0"
      }
    },
    "node_modules/marked": {
      "version": "17.0.6",
      "resolved": "https://registry.npmjs.org/marked/-/marked-17.0.6.tgz",
      "integrity": "sha512-gB0gkNafnonOw0obSTEGZTT86IuhILt2Wfx0mWH/1Au83kybTayroZ/V6nS25mN7u8ASy+5fMhgB3XPNrOZdmA==",
      "license": "MIT",
      "bin": {
        "marked": "bin/marked.js"
      },
      "engines": {
        "node": ">= 20"
      }
    },
    "node_modules/marked-footnote": {
      "version": "1.4.0",
      "resolved": "https://registry.npmjs.org/marked-footnote/-/marked-footnote-1.4.0.tgz",
      "integrity": "sha512-fZTxAhI1TcLEs5UOjCfYfTHpyKGaWQevbxaGTEA68B51l7i87SctPFtHETYqPkEN0ka5opvy4Dy1l/yXVC+hmg==",
      "license": "MIT",
      "peerDependencies": {
        "marked": ">=7.0.0"
      }
    },
    "node_modules/typescript": {
      "version": "5.9.3",
      "resolved": "https://registry.npmjs.org/typescript/-/typescript-5.9.3.tgz",
      "integrity": "sha512-jl1vZzPDinLr9eUt3J/t7V6FgNEw9QjvBPdysz9KfQDD41fQrC2Y4vKQdiaUpFT4bXlb1RHhLpp8wtm6M5TgSw==",
      "license": "Apache-2.0",
      "peer": true,
      "bin": {
        "tsc": "bin/tsc",
        "tsserver": "bin/tsserver"
      },
      "engines": {
        "node": ">=14.17"
      }
    }
  }
}
